# This file is automatically @generated by Cargo.
# It is not intended for manual editing.
version = 3

[[package]]
name = "cc"
version = "1.0.83"
source = "registry+https://github.com/rust-lang/crates.io-index"
checksum = "f1174fb0b6ec23863f8b971027804a42614e347eafb0a95bf0b12cdae21fc4d0"
dependencies = [
 "libc",
]

[[package]]
name = "cmake"
version = "0.1.50"
source = "registry+https://github.com/rust-lang/crates.io-index"
checksum = "a31c789563b815f77f4250caee12365734369f942439b7defd71e18a48197130"
dependencies = [
 "cc",
]

[[package]]
name = "libc"
version = "0.2.152"
source = "registry+https://github.com/rust-lang/crates.io-index"
checksum = "13e3bf6590cbc649f4d1a3eefc9d5d6eb746f5200ffb04e5e142700b8faa56e7"

[[package]]
name = "occt-sys"
version = "0.3.0"
source = "git+https://github.com/dschroer/opencascade-rs?rev=daf12ee4a1ffb4d808c7601780773be6c0c8b8d1#daf12ee4a1ffb4d808c7601780773be6c0c8b8d1"
dependencies = [
 "cmake",
]

[[package]]
name = "opencascade_builder"
version = "0.1.0"
dependencies = [
 "occt-sys",
]
